
Microsoft Visual Studio Solution File, Format Version 12.00
# Visual Studio 2013
VisualStudioVersion = 12.0.31101.0
MinimumVisualStudioVersion = 10.0.40219.1
Project("{FAE04EC0-301F-11D3-BF4B-00C04F79EFBC}") = "tx_mvc_tutorial", "tx_mvc_tutorial.csproj", "{CF400662-EC80-4A5E-B226-CDDB3C4591DC}"
EndProject
Global
	GlobalSection(SolutionConfigurationPlatforms) = preSolution
		Debug|Any CPU = Debug|Any CPU
		Release|Any CPU = Release|Any CPU
	EndGlobalSection
	GlobalSection(ProjectConfigurationPlatforms) = postSolution
		{CF400662-EC80-4A5E-B226-CDDB3C4591DC}.Debug|Any CPU.ActiveCfg = Debug|Any CPU
		{CF400662-EC80-4A5E-B226-CDDB3C4591DC}.Debug|Any CPU.Build.0 = Debug|Any CPU
		{CF400662-EC80-4A5E-B226-CDDB3C4591DC}.Release|Any CPU.ActiveCfg = Release|Any CPU
		{CF400662-EC80-4A5E-B226-CDDB3C4591DC}.Release|Any CPU.Build.0 = Release|Any CPU
	EndGlobalSection
	GlobalSection(SolutionProperties) = preSolution
		HideSolutionNode = FALSE
	EndGlobalSection
EndGlobal
